GEM
  remote: https://rubygems.org/
  specs:
    actioncable (8.0.2.1)
      actionpack (= 8.0.2.1)
      activesupport (= 8.0.2.1)
      nio4r (~> 2.0)
      websocket-driver (>= 0.6.1)
      zeitwerk (~> 2.6)
    actionmailbox (8.0.2.1)
      actionpack (= 8.0.2.1)
      activejob (= 8.0.2.1)
      activerecord (= 8.0.2.1)
      activestorage (= 8.0.2.1)
      activesupport (= 8.0.2.1)
      mail (>= 2.8.0)
    actionmailer (8.0.2.1)
      actionpack (= 8.0.2.1)
      actionview (= 8.0.2.1)
      activejob (= 8.0.2.1)
      activesupport (= 8.0.2.1)
      mail (>= 2.8.0)
      rails-dom-testing (~> 2.2)
    actionpack (8.0.2.1)
      actionview (= 8.0.2.1)
      activesupport (= 8.0.2.1)
      nokogiri (>= 1.8.5)
      rack (>= 2.2.4)
      rack-session (>= 1.0.1)
      rack-test (>= 0.6.3)
      rails-dom-testing (~> 2.2)
      rails-html-sanitizer (~> 1.6)
      useragent (~> 0.16)
    actiontext (8.0.2.1)
      actionpack (= 8.0.2.1)
      activerecord (= 8.0.2.1)
      activestorage (= 8.0.2.1)
      activesupport (= 8.0.2.1)
      globalid (>= 0.6.0)
      nokogiri (>= 1.8.5)
    actionview (8.0.2.1)
      activesupport (= 8.0.2.1)
      builder (~> 3.1)
      erubi (~> 1.11)
      rails-dom-testing (~> 2.2)
      rails-html-sanitizer (~> 1.6)
    activejob (8.0.2.1)
      activesupport (= 8.0.2.1)
      globalid (>= 0.3.6)
    activemodel (8.0.2.1)
      activesupport (= 8.0.2.1)
    activerecord (8.0.2.1)
      activemodel (= 8.0.2.1)
      activesupport (= 8.0.2.1)
      timeout (>= 0.4.0)
    activestorage (8.0.2.1)
      actionpack (= 8.0.2.1)
      activejob (= 8.0.2.1)
      activerecord (= 8.0.2.1)
      activesupport (= 8.0.2.1)
      marcel (~> 1.0)
    activesupport (8.0.2.1)
      base64
      benchmark (>= 0.3)
      bigdecimal
      concurrent-ruby (~> 1.0, >= 1.3.1)
      connection_pool (>= 2.2.5)
      drb
      i18n (>= 1.6, < 2)
      logger (>= 1.4.2)
      minitest (>= 5.1)
      securerandom (>= 0.3)
      tzinfo (~> 2.0, >= 2.0.5)
      uri (>= 0.13.1)
    addressable (2.8.7)
      public_suffix (>= 2.0.2, < 7.0)
    ast (2.4.3)
    aws-eventstream (1.4.0)
    aws-partitions (1.1173.0)
    aws-sdk-core (3.233.0)
      aws-eventstream (~> 1, >= 1.3.0)
      aws-partitions (~> 1, >= 1.992.0)
      aws-sigv4 (~> 1.9)
      base64
      bigdecimal
      jmespath (~> 1, >= 1.6.1)
      logger
    aws-sdk-kms (1.113.0)
      aws-sdk-core (~> 3, >= 3.231.0)
      aws-sigv4 (~> 1.5)
    aws-sdk-s3 (1.200.0)
      aws-sdk-core (~> 3, >= 3.231.0)
      aws-sdk-kms (~> 1)
      aws-sigv4 (~> 1.5)
    aws-sigv4 (1.12.1)
      aws-eventstream (~> 1, >= 1.0.2)
    base64 (0.3.0)
    benchmark (0.4.1)
    bigdecimal (3.3.1)
    bindex (0.8.1)
    bootsnap (1.18.6)
      msgpack (~> 1.2)
    brakeman (7.1.0)
      racc
    builder (3.3.0)
    byebug (12.0.0)
    capybara (3.40.0)
      addressable
      matrix
      mini_mime (>= 0.1.3)
      nokogiri (~> 1.11)
      rack (>= 1.6.0)
      rack-test (>= 0.6.3)
      regexp_parser (>= 1.5, < 3.0)
      xpath (~> 3.2)
    coderay (1.1.3)
    concurrent-ruby (1.3.5)
    connection_pool (2.5.4)
    crass (1.0.6)
    date (3.4.1)
    debug (1.11.0)
      irb (~> 1.10)
      reline (>= 0.3.8)
    docile (1.4.1)
    drb (2.2.3)
    erb (5.0.2)
    erubi (1.13.1)
    et-orbi (1.3.0)
      tzinfo
    faraday (2.13.4)
      faraday-net_http (>= 2.0, < 3.5)
      json
      logger
    faraday-net_http (3.4.1)
      net-http (>= 0.5.0)
    foreman (0.90.0)
      thor (~> 1.4)
    fugit (1.11.2)
      et-orbi (~> 1, >= 1.2.11)
      raabro (~> 1.4)
    globalid (1.2.1)
      activesupport (>= 6.1)
    google-protobuf (4.32.1)
      bigdecimal
      rake (>= 13)
    google-protobuf (4.32.1-aarch64-linux-gnu)
      bigdecimal
      rake (>= 13)
    google-protobuf (4.32.1-aarch64-linux-musl)
      bigdecimal
      rake (>= 13)
    google-protobuf (4.32.1-arm64-darwin)
      bigdecimal
      rake (>= 13)
    google-protobuf (4.32.1-x86_64-linux-gnu)
      bigdecimal
      rake (>= 13)
    google-protobuf (4.32.1-x86_64-linux-musl)
      bigdecimal
      rake (>= 13)
    googleapis-common-protos-types (1.21.0)
      google-protobuf (~> 4.26)
    hashids (1.0.6)
    hashie (5.0.0)
    i18n (1.14.7)
      concurrent-ruby (~> 1.0)
    importmap-rails (2.2.2)
      actionpack (>= 6.0.0)
      activesupport (>= 6.0.0)
      railties (>= 6.0.0)
    io-console (0.8.1)
    irb (1.15.2)
      pp (>= 0.6.0)
      rdoc (>= 4.0.0)
      reline (>= 0.4.2)
    jbuilder (2.14.1)
      actionview (>= 7.0.0)
      activesupport (>= 7.0.0)
    jmespath (1.6.2)
    json (2.13.2)
    jwt (3.1.2)
      base64
    language_server-protocol (3.17.0.5)
    lint_roller (1.1.0)
    logger (1.7.0)
    loofah (2.24.1)
      crass (~> 1.0.2)
      nokogiri (>= 1.12.0)
    mail (2.8.1)
      mini_mime (>= 0.1.1)
      net-imap
      net-pop
      net-smtp
    marcel (1.0.4)
    matrix (0.4.3)
    method_source (1.1.0)
    mini_mime (1.1.5)
    minitest (5.25.5)
    mission_control-jobs (1.1.0)
      actioncable (>= 7.1)
      actionpack (>= 7.1)
      activejob (>= 7.1)
      activerecord (>= 7.1)
      importmap-rails (>= 1.2.1)
      irb (~> 1.13)
      railties (>= 7.1)
      stimulus-rails
      turbo-rails
    mocha (2.7.1)
      ruby2_keywords (>= 0.0.5)
    msgpack (1.8.0)
    multi_xml (0.7.2)
      bigdecimal (~> 3.1)
    net-http (0.6.0)
      uri
    net-imap (0.5.10)
      date
      net-protocol
    net-pop (0.1.2)
      net-protocol
    net-protocol (0.2.2)
      timeout
    net-smtp (0.5.1)
      net-protocol
    nio4r (2.7.4)
    nokogiri (1.18.9-aarch64-linux-gnu)
      racc (~> 1.4)
    nokogiri (1.18.9-aarch64-linux-musl)
      racc (~> 1.4)
    nokogiri (1.18.9-arm-linux-gnu)
      racc (~> 1.4)
    nokogiri (1.18.9-arm-linux-musl)
      racc (~> 1.4)
    nokogiri (1.18.9-arm64-darwin)
      racc (~> 1.4)
    nokogiri (1.18.9-x86_64-linux-gnu)
      racc (~> 1.4)
    nokogiri (1.18.9-x86_64-linux-musl)
      racc (~> 1.4)
    oauth2 (2.0.17)
      faraday (>= 0.17.3, < 4.0)
      jwt (>= 1.0, < 4.0)
      logger (~> 1.2)
      multi_xml (~> 0.5)
      rack (>= 1.2, < 4)
      snaky_hash (~> 2.0, >= 2.0.3)
      version_gem (~> 1.1, >= 1.1.9)
    opentelemetry-api (1.6.0)
    opentelemetry-common (0.22.0)
      opentelemetry-api (~> 1.0)
    opentelemetry-exporter-otlp (0.30.0)
      google-protobuf (>= 3.18)
      googleapis-common-protos-types (~> 1.3)
      opentelemetry-api (~> 1.1)
      opentelemetry-common (~> 0.20)
      opentelemetry-sdk (~> 1.2)
      opentelemetry-semantic_conventions
    opentelemetry-helpers-mysql (0.2.0)
      opentelemetry-api (~> 1.0)
      opentelemetry-common (~> 0.21)
    opentelemetry-helpers-sql (0.1.1)
      opentelemetry-api (~> 1.0)
    opentelemetry-helpers-sql-obfuscation (0.3.0)
      opentelemetry-common (~> 0.21)
    opentelemetry-instrumentation-action_mailer (0.4.0)
      opentelemetry-api (~> 1.0)
      opentelemetry-instrumentation-active_support (~> 0.7)
      opentelemetry-instrumentation-base (~> 0.23.0)
    opentelemetry-instrumentation-action_pack (0.13.0)
      opentelemetry-api (~> 1.0)
      opentelemetry-instrumentation-base (~> 0.23.0)
      opentelemetry-instrumentation-rack (~> 0.21)
    opentelemetry-instrumentation-action_view (0.9.0)
      opentelemetry-api (~> 1.0)
      opentelemetry-instrumentation-active_support (~> 0.7)
      opentelemetry-instrumentation-base (~> 0.23.0)
    opentelemetry-instrumentation-active_job (0.8.0)
      opentelemetry-api (~> 1.0)
      opentelemetry-instrumentation-base (~> 0.23.0)
    opentelemetry-instrumentation-active_model_serializers (0.22.0)
      opentelemetry-api (~> 1.0)
      opentelemetry-instrumentation-active_support (>= 0.7.0)
      opentelemetry-instrumentation-base (~> 0.23.0)
    opentelemetry-instrumentation-active_record (0.9.0)
      opentelemetry-api (~> 1.0)
      opentelemetry-instrumentation-base (~> 0.23.0)
    opentelemetry-instrumentation-active_storage (0.1.1)
      opentelemetry-api (~> 1.0)
      opentelemetry-instrumentation-active_support (~> 0.7)
      opentelemetry-instrumentation-base (~> 0.23.0)
    opentelemetry-instrumentation-active_support (0.8.0)
      opentelemetry-api (~> 1.0)
      opentelemetry-instrumentation-base (~> 0.23.0)
    opentelemetry-instrumentation-all (0.81.0)
      opentelemetry-instrumentation-active_model_serializers (~> 0.22.0)
      opentelemetry-instrumentation-anthropic (~> 0.1.0)
      opentelemetry-instrumentation-aws_lambda (~> 0.3.0)
      opentelemetry-instrumentation-aws_sdk (~> 0.8.0)
      opentelemetry-instrumentation-bunny (~> 0.22.0)
      opentelemetry-instrumentation-concurrent_ruby (~> 0.22.0)
      opentelemetry-instrumentation-dalli (~> 0.27.0)
      opentelemetry-instrumentation-delayed_job (~> 0.23.0)
      opentelemetry-instrumentation-ethon (~> 0.23.0)
      opentelemetry-instrumentation-excon (~> 0.24.0)
      opentelemetry-instrumentation-faraday (~> 0.28.0)
      opentelemetry-instrumentation-grape (~> 0.3.0)
      opentelemetry-instrumentation-graphql (~> 0.29.0)
      opentelemetry-instrumentation-grpc (~> 0.2.0)
      opentelemetry-instrumentation-gruf (~> 0.3.0)
      opentelemetry-instrumentation-http (~> 0.25.0)
      opentelemetry-instrumentation-http_client (~> 0.24.0)
      opentelemetry-instrumentation-httpx (~> 0.3.0)
      opentelemetry-instrumentation-koala (~> 0.21.0)
      opentelemetry-instrumentation-lmdb (~> 0.23.0)
      opentelemetry-instrumentation-mongo (~> 0.23.0)
      opentelemetry-instrumentation-mysql2 (~> 0.29.0)
      opentelemetry-instrumentation-net_http (~> 0.24.0)
      opentelemetry-instrumentation-pg (~> 0.30.0)
      opentelemetry-instrumentation-que (~> 0.9.0)
      opentelemetry-instrumentation-racecar (~> 0.4.0)
      opentelemetry-instrumentation-rack (~> 0.27.0)
      opentelemetry-instrumentation-rails (~> 0.37.0)
      opentelemetry-instrumentation-rake (~> 0.3.1)
      opentelemetry-instrumentation-rdkafka (~> 0.7.0)
      opentelemetry-instrumentation-redis (~> 0.26.1)
      opentelemetry-instrumentation-resque (~> 0.6.0)
      opentelemetry-instrumentation-restclient (~> 0.24.0)
      opentelemetry-instrumentation-ruby_kafka (~> 0.22.0)
      opentelemetry-instrumentation-sidekiq (~> 0.26.0)
      opentelemetry-instrumentation-sinatra (~> 0.26.0)
      opentelemetry-instrumentation-trilogy (~> 0.61.0)
    opentelemetry-instrumentation-anthropic (0.1.0)
      opentelemetry-api (~> 1.6.0)
      opentelemetry-instrumentation-base (~> 0.23.0)
    opentelemetry-instrumentation-aws_lambda (0.3.0)
      opentelemetry-api (~> 1.0)
      opentelemetry-instrumentation-base (~> 0.23.0)
    opentelemetry-instrumentation-aws_sdk (0.8.2)
      opentelemetry-api (~> 1.0)
      opentelemetry-instrumentation-base (~> 0.23.0)
    opentelemetry-instrumentation-base (0.23.0)
      opentelemetry-api (~> 1.0)
      opentelemetry-common (~> 0.21)
      opentelemetry-registry (~> 0.1)
    opentelemetry-instrumentation-bunny (0.22.0)
      opentelemetry-api (~> 1.0)
      opentelemetry-instrumentation-base (~> 0.23.0)
    opentelemetry-instrumentation-concurrent_ruby (0.22.0)
      opentelemetry-api (~> 1.0)
      opentelemetry-instrumentation-base (~> 0.23.0)
    opentelemetry-instrumentation-dalli (0.27.3)
      opentelemetry-api (~> 1.0)
      opentelemetry-instrumentation-base (~> 0.23.0)
    opentelemetry-instrumentation-delayed_job (0.23.0)
      opentelemetry-api (~> 1.0)
      opentelemetry-instrumentation-base (~> 0.23.0)
    opentelemetry-instrumentation-ethon (0.23.1)
      opentelemetry-api (~> 1.0)
      opentelemetry-instrumentation-base (~> 0.23.0)
    opentelemetry-instrumentation-excon (0.24.0)
      opentelemetry-api (~> 1.0)
      opentelemetry-instrumentation-base (~> 0.23.0)
    opentelemetry-instrumentation-faraday (0.28.0)
      opentelemetry-api (~> 1.0)
      opentelemetry-instrumentation-base (~> 0.23.0)
    opentelemetry-instrumentation-grape (0.3.0)
      opentelemetry-api (~> 1.0)
      opentelemetry-instrumentation-base (~> 0.23.0)
      opentelemetry-instrumentation-rack (~> 0.21)
    opentelemetry-instrumentation-graphql (0.29.0)
      opentelemetry-api (~> 1.0)
      opentelemetry-instrumentation-base (~> 0.23.0)
    opentelemetry-instrumentation-grpc (0.2.1)
      opentelemetry-api (~> 1.0)
      opentelemetry-instrumentation-base (~> 0.23.0)
    opentelemetry-instrumentation-gruf (0.3.0)
      opentelemetry-api (>= 1.0.0)
      opentelemetry-instrumentation-base (~> 0.23.0)
    opentelemetry-instrumentation-http (0.25.1)
      opentelemetry-api (~> 1.0)
      opentelemetry-instrumentation-base (~> 0.23.0)
    opentelemetry-instrumentation-http_client (0.24.0)
      opentelemetry-api (~> 1.0)
      opentelemetry-instrumentation-base (~> 0.23.0)
    opentelemetry-instrumentation-httpx (0.3.0)
      opentelemetry-api (~> 1.0)
      opentelemetry-instrumentation-base (~> 0.23.0)
    opentelemetry-instrumentation-koala (0.21.0)
      opentelemetry-api (~> 1.0)
      opentelemetry-instrumentation-base (~> 0.23.0)
    opentelemetry-instrumentation-lmdb (0.23.0)
      opentelemetry-api (~> 1.0)
      opentelemetry-instrumentation-base (~> 0.23.0)
    opentelemetry-instrumentation-mongo (0.23.0)
      opentelemetry-api (~> 1.0)
      opentelemetry-instrumentation-base (~> 0.23.0)
    opentelemetry-instrumentation-mysql2 (0.29.1)
      opentelemetry-api (~> 1.0)
      opentelemetry-helpers-mysql
      opentelemetry-helpers-sql
      opentelemetry-helpers-sql-obfuscation
      opentelemetry-instrumentation-base (~> 0.23.0)
    opentelemetry-instrumentation-net_http (0.24.0)
      opentelemetry-api (~> 1.0)
      opentelemetry-instrumentation-base (~> 0.23.0)
    opentelemetry-instrumentation-pg (0.30.1)
      opentelemetry-api (~> 1.0)
      opentelemetry-helpers-sql
      opentelemetry-helpers-sql-obfuscation
      opentelemetry-instrumentation-base (~> 0.23.0)
    opentelemetry-instrumentation-que (0.9.0)
      opentelemetry-api (~> 1.0)
      opentelemetry-instrumentation-base (~> 0.23.0)
    opentelemetry-instrumentation-racecar (0.4.0)
      opentelemetry-api (~> 1.0)
      opentelemetry-instrumentation-base (~> 0.23.0)
    opentelemetry-instrumentation-rack (0.27.1)
      opentelemetry-api (~> 1.0)
      opentelemetry-instrumentation-base (~> 0.23.0)
    opentelemetry-instrumentation-rails (0.37.0)
      opentelemetry-api (~> 1.0)
      opentelemetry-instrumentation-action_mailer (~> 0.4.0)
      opentelemetry-instrumentation-action_pack (~> 0.13.0)
      opentelemetry-instrumentation-action_view (~> 0.9.0)
      opentelemetry-instrumentation-active_job (~> 0.8.0)
      opentelemetry-instrumentation-active_record (~> 0.9.0)
      opentelemetry-instrumentation-active_storage (~> 0.1.0)
      opentelemetry-instrumentation-active_support (~> 0.8.0)
      opentelemetry-instrumentation-base (~> 0.23.0)
      opentelemetry-instrumentation-concurrent_ruby (~> 0.22.0)
    opentelemetry-instrumentation-rake (0.3.1)
      opentelemetry-api (~> 1.0)
      opentelemetry-instrumentation-base (~> 0.23.0)
    opentelemetry-instrumentation-rdkafka (0.7.0)
      opentelemetry-api (~> 1.0)
      opentelemetry-instrumentation-base (~> 0.23.0)
    opentelemetry-instrumentation-redis (0.26.1)
      opentelemetry-api (~> 1.0)
      opentelemetry-instrumentation-base (~> 0.23.0)
    opentelemetry-instrumentation-resque (0.6.0)
      opentelemetry-api (~> 1.0)
      opentelemetry-instrumentation-base (~> 0.23.0)
    opentelemetry-instrumentation-restclient (0.24.0)
      opentelemetry-api (~> 1.0)
      opentelemetry-instrumentation-base (~> 0.23.0)
    opentelemetry-instrumentation-ruby_kafka (0.22.0)
      opentelemetry-api (~> 1.0)
      opentelemetry-instrumentation-base (~> 0.23.0)
    opentelemetry-instrumentation-sidekiq (0.26.1)
      opentelemetry-api (~> 1.0)
      opentelemetry-instrumentation-base (~> 0.23.0)
    opentelemetry-instrumentation-sinatra (0.26.0)
      opentelemetry-api (~> 1.0)
      opentelemetry-instrumentation-base (~> 0.23.0)
      opentelemetry-instrumentation-rack (~> 0.21)
    opentelemetry-instrumentation-trilogy (0.61.1)
      opentelemetry-api (~> 1.0)
      opentelemetry-helpers-mysql
      opentelemetry-helpers-sql
      opentelemetry-helpers-sql-obfuscation
      opentelemetry-instrumentation-base (~> 0.23.0)
      opentelemetry-semantic_conventions (>= 1.8.0)
    opentelemetry-registry (0.4.0)
      opentelemetry-api (~> 1.1)
    opentelemetry-sdk (1.9.0)
      opentelemetry-api (~> 1.1)
      opentelemetry-common (~> 0.20)
      opentelemetry-registry (~> 0.2)
      opentelemetry-semantic_conventions
    opentelemetry-semantic_conventions (1.36.0)
      opentelemetry-api (~> 1.0)
    ostruct (0.6.3)
    pagy (9.4.0)
    parallel (1.27.0)
    parser (3.3.9.0)
      ast (~> 2.4.1)
      racc
    pg (1.6.2)
    pg (1.6.2-aarch64-linux)
    pg (1.6.2-aarch64-linux-musl)
    pg (1.6.2-arm64-darwin)
    pg (1.6.2-x86_64-linux)
    pg (1.6.2-x86_64-linux-musl)
    pp (0.6.2)
      prettyprint
    prettyprint (0.2.0)
    prism (1.4.0)
    prometheus-client (4.2.5)
      base64
    prometheus-client-mmap (1.2.10)
      base64
      bigdecimal
      logger
      rb_sys (~> 0.9.109)
    prometheus-client-mmap (1.2.10-aarch64-linux-gnu)
      base64
      bigdecimal
      logger
      rb_sys (~> 0.9.109)
    prometheus-client-mmap (1.2.10-aarch64-linux-musl)
      base64
      bigdecimal
      logger
      rb_sys (~> 0.9.109)
    prometheus-client-mmap (1.2.10-arm64-darwin)
      base64
      bigdecimal
      logger
      rb_sys (~> 0.9.109)
    prometheus-client-mmap (1.2.10-x86_64-linux-gnu)
      base64
      bigdecimal
      logger
      rb_sys (~> 0.9.109)
    prometheus-client-mmap (1.2.10-x86_64-linux-musl)
      base64
      bigdecimal
      logger
      rb_sys (~> 0.9.109)
    propshaft (1.2.1)
      actionpack (>= 7.0.0)
      activesupport (>= 7.0.0)
      rack
    pry (0.15.2)
      coderay (~> 1.1)
      method_source (~> 1.0)
    pry-byebug (3.11.0)
      byebug (~> 12.0)
      pry (>= 0.13, < 0.16)
    psych (5.2.6)
      date
      stringio
    public_suffix (6.0.2)
    puma (7.0.3)
      nio4r (~> 2.0)
    raabro (1.4.0)
    racc (1.8.1)
    rack (3.2.1)
    rack-session (2.1.1)
      base64 (>= 0.1.0)
      rack (>= 3.0.0)
    rack-test (2.2.0)
      rack (>= 1.3)
    rackup (2.2.1)
      rack (>= 3)
    rails (8.0.2.1)
      actioncable (= 8.0.2.1)
      actionmailbox (= 8.0.2.1)
      actionmailer (= 8.0.2.1)
      actionpack (= 8.0.2.1)
      actiontext (= 8.0.2.1)
      actionview (= 8.0.2.1)
      activejob (= 8.0.2.1)
      activemodel (= 8.0.2.1)
      activerecord (= 8.0.2.1)
      activestorage (= 8.0.2.1)
      activesupport (= 8.0.2.1)
      bundler (>= 1.15.0)
      railties (= 8.0.2.1)
    rails-dom-testing (2.3.0)
      activesupport (>= 5.0.0)
      minitest
      nokogiri (>= 1.6)
    rails-html-sanitizer (1.6.2)
      loofah (~> 2.21)
      nokogiri (>= 1.15.7, != 1.16.7, != 1.16.6, != 1.16.5, != 1.16.4, != 1.16.3, != 1.16.2, != 1.16.1, != 1.16.0.rc1, != 1.16.0)
    railties (8.0.2.1)
      actionpack (= 8.0.2.1)
      activesupport (= 8.0.2.1)
      irb (~> 1.13)
      rackup (>= 1.0.0)
      rake (>= 12.2)
      thor (~> 1.0, >= 1.2.2)
      zeitwerk (~> 2.6)
    rainbow (3.1.1)
    rake (13.3.0)
    rake-compiler-dock (1.9.1)
    ransack (4.3.0)
      activerecord (>= 6.1.5)
      activesupport (>= 6.1.5)
      i18n
    rb_sys (0.9.117)
      rake-compiler-dock (= 1.9.1)
    rdoc (6.14.2)
      erb
      psych (>= 4.0.0)
    redis (5.4.1)
      redis-client (>= 0.22.0)
    redis-client (0.25.2)
      connection_pool
    regexp_parser (2.11.2)
    reline (0.6.2)
      io-console (~> 0.5)
    rexml (3.4.2)
    rubocop (1.80.2)
      json (~> 2.3)
      language_server-protocol (~> 3.17.0.2)
      lint_roller (~> 1.1.0)
      parallel (~> 1.10)
      parser (>= 3.3.0.2)
      rainbow (>= 2.2.2, < 4.0)
      regexp_parser (>= 2.9.3, < 3.0)
      rubocop-ast (>= 1.46.0, < 2.0)
      ruby-progressbar (~> 1.7)
      unicode-display_width (>= 2.4.0, < 4.0)
    rubocop-ast (1.46.0)
      parser (>= 3.3.7.2)
      prism (~> 1.4)
    rubocop-performance (1.26.0)
      lint_roller (~> 1.1)
      rubocop (>= 1.75.0, < 2.0)
      rubocop-ast (>= 1.44.0, < 2.0)
    rubocop-rails (2.33.3)
      activesupport (>= 4.2.0)
      lint_roller (~> 1.1)
      rack (>= 1.1)
      rubocop (>= 1.75.0, < 2.0)
      rubocop-ast (>= 1.44.0, < 2.0)
    rubocop-rails-omakase (1.1.0)
      rubocop (>= 1.72)
      rubocop-performance (>= 1.24)
      rubocop-rails (>= 2.30)
    ruby-progressbar (1.13.0)
    ruby2_keywords (0.0.5)
    rubyzip (3.0.2)
    securerandom (0.4.1)
    selenium-webdriver (4.35.0)
      base64 (~> 0.2)
      logger (~> 1.4)
      rexml (~> 3.2, >= 3.2.5)
      rubyzip (>= 1.2.2, < 4.0)
      websocket (~> 1.0)
    simplecov (0.22.0)
      docile (~> 1.1)
      simplecov-html (~> 0.11)
      simplecov_json_formatter (~> 0.1)
    simplecov-html (0.13.2)
    simplecov-lcov (0.9.0)
    simplecov_json_formatter (0.1.4)
    snaky_hash (2.0.3)
      hashie (>= 0.1.0, < 6)
      version_gem (>= 1.1.8, < 3)
    solid_cable (3.0.12)
      actioncable (>= 7.2)
      activejob (>= 7.2)
      activerecord (>= 7.2)
      railties (>= 7.2)
    solid_cache (1.0.7)
      activejob (>= 7.2)
      activerecord (>= 7.2)
      railties (>= 7.2)
    solid_queue (1.2.1)
      activejob (>= 7.1)
      activerecord (>= 7.1)
      concurrent-ruby (>= 1.3.1)
      fugit (~> 1.11.0)
      railties (>= 7.1)
      thor (>= 1.3.1)
    statsd-ruby (1.5.0)
    stimulus-rails (1.3.4)
      railties (>= 6.0.0)
    stringio (3.1.7)
    tailwindcss-rails (3.3.2)
      railties (>= 7.0.0)
      tailwindcss-ruby (~> 3.0)
    tailwindcss-ruby (3.4.17-aarch64-linux)
    tailwindcss-ruby (3.4.17-arm-linux)
    tailwindcss-ruby (3.4.17-arm64-darwin)
    tailwindcss-ruby (3.4.17-x86_64-linux)
    thor (1.4.0)
    thruster (0.1.15)
    thruster (0.1.15-aarch64-linux)
    thruster (0.1.15-arm64-darwin)
    thruster (0.1.15-x86_64-linux)
    timeout (0.4.3)
    turbo-rails (2.0.16)
      actionpack (>= 7.1.0)
      railties (>= 7.1.0)
    tzinfo (2.0.6)
      concurrent-ruby (~> 1.0)
    unicode-display_width (3.1.5)
      unicode-emoji (~> 4.0, >= 4.0.4)
    unicode-emoji (4.0.4)
    uri (1.0.3)
    useragent (0.16.11)
    version_gem (1.1.9)
    web-console (4.2.1)
      actionview (>= 6.0.0)
      activemodel (>= 6.0.0)
      bindex (>= 0.4.0)
      railties (>= 6.0.0)
    websocket (1.2.11)
    websocket-driver (0.8.0)
      base64
      websocket-extensions (>= 0.1.0)
    websocket-extensions (0.1.5)
    xpath (3.2.0)
      nokogiri (~> 1.8)
    zeitwerk (2.7.3)

PLATFORMS
  aarch64-linux-gnu
  aarch64-linux-musl
  arm-linux-gnu
  arm-linux-musl
  arm64-darwin-24
  x86_64-linux
  x86_64-linux-gnu
  x86_64-linux-musl

DEPENDENCIES
  aws-sdk-s3 (~> 1.200)
  bootsnap
  brakeman
  capybara
  debug
  faraday (~> 2.8)
  foreman
  hashids (~> 1.0)
  importmap-rails
  jbuilder
  jwt (~> 3.1)
  mission_control-jobs
  mocha (~> 2.1)
  oauth2 (~> 2.0)
  opentelemetry-exporter-otlp (~> 0.28)
  opentelemetry-instrumentation-all (~> 0.65)
  opentelemetry-sdk (~> 1.4)
  ostruct
  pagy (~> 9.4)
  pg (~> 1.1)
  prometheus-client (~> 4.0)
  prometheus-client-mmap (~> 1.0)
  propshaft
  pry (~> 0.14)
  pry-byebug (~> 3.10)
  puma (>= 5.0)
  rails (~> 8.0.2, >= 8.0.2.1)
  ransack (~> 4.1)
  redis (~> 5.0)
  rubocop-rails-omakase
  selenium-webdriver
  simplecov (~> 0.22)
  simplecov-lcov (~> 0.8)
  solid_cable
  solid_cache
  solid_queue
  statsd-ruby (~> 1.5)
  stimulus-rails
  tailwindcss-rails (~> 3.3.1)
  thruster
  turbo-rails
  tzinfo-data
  web-console

BUNDLED WITH
   2.7.1
